{
  "name": "beacon-backend",
  "version": "1.0.0",
  "lockfileVersion": 3,
  "requires": true,
  "packages": {
    "": {
      "name": "beacon-backend",
      "version": "1.0.0",
      "license": "ISC",
      "dependencies": {
        "cloudinary": "^2.11.0",
        "cors": "^2.8.6",
        "dotenv": "^17.4.2",
        "express": "^5.2.1",
        "jsonwebtoken": "^9.0.3",
        "mongoose": "^9.9.4",
        "multer": "^2.3.0",
        "socket.io": "^4.8.3"
      },
      "devDependencies": {
        "nodemon": "^3.1.14"
      }
    },
    "node_modules/@mongodb-js/saslprep": {
      "version": "1.5.0",
      "resolved": "https://registry.npmjs.org/@mongodb-js/saslprep/-/saslprep-1.5.0.tgz",
      "integrity": "sha512-Hk1SKJCMcCos38+vqDnZzlIo4XRj9yCGzYkjB4LcqpeXRIYfia1UWTz+VrueLxoU+uSRJzgkufxoRZg8gi52YA==",
      "license": "MIT",
      "dependencies": {
        "sparse-bitfield": "^3.0.3"
      }
    },
    "node_modules/@socket.io/component-emitter": {
      "version": "3.1.2",
      "resolved": "https://registry.npmjs.org/@socket.io/component-emitter/-/component-emitter-3.1.2.tgz",
      "integrity": "sha512-9BCxFwvbGg/RsZK9tjXd8s4UcwR0MWeFQ1XEKIQVVvAGJyINdrqKMcTRyLoK8Rse1GjzLV9cwjWV1olXRWEXVA==",
      "license": "MIT"
    },
